
Microsoft Visual Studio Solution File, Format Version 12.00
# Visual Studio Version 17
VisualStudioVersion = 17.7.34221.43
MinimumVisualStudioVersion = 10.0.40219.1
Project("{FAE04EC0-301F-11D3-BF4B-00C04F79EFBC}") = "uygulama4sayfa127", "uygulama4sayfa127\uygulama4sayfa127.csproj", "{AE06BD9F-5690-401E-9A62-B00F7B38251E}"
EndProject
Global
	GlobalSection(SolutionConfigurationPlatforms) = preSolution
		Debug|Any CPU = Debug|Any CPU
		Release|Any CPU = Release|Any CPU
	EndGlobalSection
	GlobalSection(ProjectConfigurationPlatforms) = postSolution
		{AE06BD9F-5690-401E-9A62-B00F7B38251E}.Debug|Any CPU.ActiveCfg = Debug|Any CPU
		{AE06BD9F-5690-401E-9A62-B00F7B38251E}.Debug|Any CPU.Build.0 = Debug|Any CPU
		{AE06BD9F-5690-401E-9A62-B00F7B38251E}.Release|Any CPU.ActiveCfg = Release|Any CPU
		{AE06BD9F-5690-401E-9A62-B00F7B38251E}.Release|Any CPU.Build.0 = Release|Any CPU
	EndGlobalSection
	GlobalSection(SolutionProperties) = preSolution
		HideSolutionNode = FALSE
	EndGlobalSection
	GlobalSection(ExtensibilityGlobals) = postSolution
		SolutionGuid = {057CA5B6-F1E6-4BF3-AC54-431188F6312B}
	EndGlobalSection
EndGlobal
